
Microsoft Visual Studio Solution File, Format Version 12.00
# Visual Studio Version 16
VisualStudioVersion = 16.0.29424.173
MinimumVisualStudioVersion = 10.0.40219.1
Project("{9A19103F-16F7-4668-BE54-9A1E7A4F7556}") = "TimeLogger", "TimeLogger\TimeLogger.csproj", "{C74F8532-9F0C-4664-8F88-C8D9F5B44DC0}"
EndProject
Project("{9A19103F-16F7-4668-BE54-9A1E7A4F7556}") = "TimeLogger.DAL", "TimeLogger.DAL\TimeLogger.DAL.csproj", "{A20455DA-DBCF-4EBE-A7D3-3A4042465DF4}"
EndProject
Project("{9A19103F-16F7-4668-BE54-9A1E7A4F7556}") = "TimeLogger.UnitTests", "TimeLogger.UnitTests\TimeLogger.UnitTests.csproj", "{639DA7A0-2D92-43F2-BB10-73C9B7E53BB9}"
EndProject
Project("{FAE04EC0-301F-11D3-BF4B-00C04F79EFBC}") = "TimeLogger.IntegrationTests", "TimeLogger.IntegrationTests\TimeLogger.IntegrationTests.csproj", "{8EE1E249-3661-4439-BB08-BCCFE829041C}"
EndProject
Global
	GlobalSection(SolutionConfigurationPlatforms) = preSolution
		Debug|Any CPU = Debug|Any CPU
		Release|Any CPU = Release|Any CPU
	EndGlobalSection
	GlobalSection(ProjectConfigurationPlatforms) = postSolution
		{C74F8532-9F0C-4664-8F88-C8D9F5B44DC0}.Debug|Any CPU.ActiveCfg = Debug|Any CPU
		{C74F8532-9F0C-4664-8F88-C8D9F5B44DC0}.Debug|Any CPU.Build.0 = Debug|Any CPU
		{C74F8532-9F0C-4664-8F88-C8D9F5B44DC0}.Release|Any CPU.ActiveCfg = Release|Any CPU
		{C74F8532-9F0C-4664-8F88-C8D9F5B44DC0}.Release|Any CPU.Build.0 = Release|Any CPU
		{A20455DA-DBCF-4EBE-A7D3-3A4042465DF4}.Debug|Any CPU.ActiveCfg = Debug|Any CPU
		{A20455DA-DBCF-4EBE-A7D3-3A4042465DF4}.Debug|Any CPU.Build.0 = Debug|Any CPU
		{A20455DA-DBCF-4EBE-A7D3-3A4042465DF4}.Release|Any CPU.ActiveCfg = Release|Any CPU
		{A20455DA-DBCF-4EBE-A7D3-3A4042465DF4}.Release|Any CPU.Build.0 = Release|Any CPU
		{639DA7A0-2D92-43F2-BB10-73C9B7E53BB9}.Debug|Any CPU.ActiveCfg = Debug|Any CPU
		{639DA7A0-2D92-43F2-BB10-73C9B7E53BB9}.Debug|Any CPU.Build.0 = Debug|Any CPU
		{639DA7A0-2D92-43F2-BB10-73C9B7E53BB9}.Release|Any CPU.ActiveCfg = Release|Any CPU
		{639DA7A0-2D92-43F2-BB10-73C9B7E53BB9}.Release|Any CPU.Build.0 = Release|Any CPU
		{8EE1E249-3661-4439-BB08-BCCFE829041C}.Debug|Any CPU.ActiveCfg = Debug|Any CPU
		{8EE1E249-3661-4439-BB08-BCCFE829041C}.Debug|Any CPU.Build.0 = Debug|Any CPU
		{8EE1E249-3661-4439-BB08-BCCFE829041C}.Release|Any CPU.ActiveCfg = Release|Any CPU
		{8EE1E249-3661-4439-BB08-BCCFE829041C}.Release|Any CPU.Build.0 = Release|Any CPU
	EndGlobalSection
	GlobalSection(SolutionProperties) = preSolution
		HideSolutionNode = FALSE
	EndGlobalSection
	GlobalSection(ExtensibilityGlobals) = postSolution
		SolutionGuid = {F6FB8BE9-8A98-48FB-B730-599782DCCC75}
	EndGlobalSection
EndGlobal
